{
    "_readme": [
        "This file locks the dependencies of your project to a known state",
        "Read more about it at https://getcomposer.org/doc/01-basic-usage.md#installing-dependencies",
        "This file is @generated automatically"
    ],
    "content-hash": "849182eeaf86f26bb2189de8514dc94b",
    "packages": [
        {
            "name": "zf1/zend-exception",
            "version": "1.12.20",
            "source": {
                "type": "git",
                "url": "https://github.com/zf1/zend-exception.git",
                "reference": "ca30959d3e2f522f481a3d1459386acf1aa4ca74"
            },
            "dist": {
                "type": "zip",
                "url": "https://api.github.com/repos/zf1/zend-exception/zipball/ca30959d3e2f522f481a3d1459386acf1aa4ca74",
                "reference": "ca30959d3e2f522f481a3d1459386acf1aa4ca74",
                "shasum": ""
            },
            "require": {
                "php": ">=5.2.11"
            },
            "type": "library",
            "autoload": {
                "psr-0": {
                    "Zend_Exception": "library/"
                }
            },
            "notification-url": "https://packagist.org/downloads/",
            "license": [
                "BSD-3-Clause"
            ],
            "description": "Zend Framework 1 Exception package",
            "homepage": "http://framework.zend.com/",
            "keywords": [
                "ZF1",
                "exception",
                "framework",
                "zend"
            ],
            "time": "2015-04-30T11:10:20+00:00"
        },
        {
            "name": "zf1/zend-loader",
            "version": "1.12.20",
            "source": {
                "type": "git",
                "url": "https://github.com/zf1/zend-loader.git",
                "reference": "894dcfb8084488575d46e496e399f64aacd5761c"
            },
            "dist": {
                "type": "zip",
                "url": "https://api.github.com/repos/zf1/zend-loader/zipball/894dcfb8084488575d46e496e399f64aacd5761c",
                "reference": "894dcfb8084488575d46e496e399f64aacd5761c",
                "shasum": ""
            },
            "require": {
                "php": ">=5.2.11",
                "zf1/zend-exception": "self.version"
            },
            "type": "library",
            "autoload": {
                "psr-0": {
                    "Zend_Loader": "library/"
                }
            },
            "notification-url": "https://packagist.org/downloads/",
            "license": [
                "BSD-3-Clause"
            ],
            "description": "Zend Framework 1 Loader package",
            "homepage": "http://framework.zend.com/",
            "keywords": [
                "ZF1",
                "framework",
                "loader",
                "zend"
            ],
            "time": "2017-07-11T23:30:42+00:00"
        },
        {
            "name": "zf1/zend-log",
            "version": "1.12.20",
            "source": {
                "type": "git",
                "url": "https://github.com/zf1/zend-log.git",
                "reference": "1c67db7a0eb288c100b23105dad21dbc09883300"
            },
            "dist": {
                "type": "zip",
                "url": "https://api.github.com/repos/zf1/zend-log/zipball/1c67db7a0eb288c100b23105dad21dbc09883300",
                "reference": "1c67db7a0eb288c100b23105dad21dbc09883300",
                "shasum": ""
            },
            "require": {
                "php": ">=5.2.11",
                "zf1/zend-exception": "self.version"
            },
            "suggest": {
                "zf1/zend-wildfire": "Used in special situations or with special adapters"
            },
            "type": "library",
            "autoload": {
                "psr-0": {
                    "Zend_Log": "library/"
                }
            },
            "notification-url": "https://packagist.org/downloads/",
            "license": [
                "BSD-3-Clause"
            ],
            "description": "Zend Framework 1 Log package",
            "homepage": "http://framework.zend.com/",
            "keywords": [
                "ZF1",
                "framework",
                "log",
                "zend"
            ],
            "time": "2017-07-12T00:27:05+00:00"
        },
        {
            "name": "zf1/zend-registry",
            "version": "1.12.20",
            "source": {
                "type": "git",
                "url": "https://github.com/zf1/zend-registry.git",
                "reference": "1737419285b800728c27063318509fb2d00057ba"
            },
            "dist": {
                "type": "zip",
                "url": "https://api.github.com/repos/zf1/zend-registry/zipball/1737419285b800728c27063318509fb2d00057ba",
                "reference": "1737419285b800728c27063318509fb2d00057ba",
                "shasum": ""
            },
            "require": {
                "php": ">=5.2.11",
                "zf1/zend-exception": "self.version"
            },
            "suggest": {
                "zf1/zend-loader": "Used in special situations or with special adapters"
            },
            "type": "library",
            "autoload": {
                "psr-0": {
                    "Zend_Registry": "library/"
                }
            },
            "notification-url": "https://packagist.org/downloads/",
            "license": [
                "BSD-3-Clause"
            ],
            "description": "Zend Framework 1 Registry package",
            "homepage": "http://framework.zend.com/",
            "keywords": [
                "ZF1",
                "framework",
                "registry",
                "zend"
            ],
            "time": "2017-07-11T23:55:24+00:00"
        },
        {
            "name": "zf1/zend-version",
            "version": "1.12.20",
            "source": {
                "type": "git",
                "url": "https://github.com/zf1/zend-version.git",
                "reference": "8e69ac4b262482e3980012d7be4a35a89f76da63"
            },
            "dist": {
                "type": "zip",
                "url": "https://api.github.com/repos/zf1/zend-version/zipball/8e69ac4b262482e3980012d7be4a35a89f76da63",
                "reference": "8e69ac4b262482e3980012d7be4a35a89f76da63",
                "shasum": ""
            },
            "require": {
                "php": ">=5.2.11"
            },
            "type": "library",
            "autoload": {
                "psr-0": {
                    "Zend_Version": "library/"
                }
            },
            "notification-url": "https://packagist.org/downloads/",
            "license": [
                "BSD-3-Clause"
            ],
            "description": "Zend Framework 1 Version package",
            "homepage": "http://framework.zend.com/",
            "keywords": [
                "ZF1",
                "framework",
                "version",
                "zend"
            ],
            "time": "2017-07-12T00:54:38+00:00"
        }
    ],
    "packages-dev": [],
    "aliases": [],
    "minimum-stability": "stable",
    "stability-flags": [],
    "prefer-stable": false,
    "prefer-lowest": false,
    "platform": [],
    "platform-dev": []
}
